// !$*UTF8*$!
{
	archiveVersion = 1;
	classes = {
	};
	objectVersion = 56;
	objects = {

/* Begin PBXBuildFile section */
		47A3DEED2A09940C005DF313 /* QuizGameApp.swift in Sources */ = {isa = PBXBuildFile; fileRef = 47A3DEEC2A09940C005DF313 /* QuizGameApp.swift */; };
		47A3DEEF2A09940C005DF313 /* ContentView.swift in Sources */ = {isa = PBXBuildFile; fileRef = 47A3DEEE2A09940C005DF313 /* ContentView.swift */; };
		47A3DEF12A09940E005DF313 /* Assets.xcassets in Resources */ = {isa = PBXBuildFile; fileRef = 47A3DEF02A09940E005DF313 /* Assets.xcassets */; };
		47A3DEF42A09940E005DF313 /* Preview Assets.xcassets in Resources */ = {isa = PBXBuildFile; fileRef = 47A3DEF32A09940E005DF313 /* Preview Assets.xcassets */; };
		47A3DEFE2A09940E005DF313 /* QuizGameTests.swift in Sources */ = {isa = PBXBuildFile; fileRef = 47A3DEFD2A09940E005DF313 /* QuizGameTests.swift */; };
		47A3DF082A09940E005DF313 /* QuizGameUITests.swift in Sources */ = {isa = PBXBuildFile; fileRef = 47A3DF072A09940E005DF313 /* QuizGameUITests.swift */; };
		47A3DF0A2A09940E005DF313 /* QuizGameUITestsLaunchTests.swift in Sources */ = {isa = PBXBuildFile; fileRef = 47A3DF092A09940E005DF313 /* QuizGameUITestsLaunchTests.swift */; };
		47A3DF172A0A206B005DF313 /* TopicSelectView.swift in Sources */ = {isa = PBXBuildFile; fileRef = 47A3DF162A0A206B005DF313 /* TopicSelectView.swift */; };
		47A3DF1B2A0A21B4005DF313 /* mainMenuView.swift in Sources */ = {isa = PBXBuildFile; fileRef = 47A3DF1A2A0A21B4005DF313 /* mainMenuView.swift */; };
		47A3DF1F2A0A235A005DF313 /* FAQView.swift in Sources */ = {isa = PBXBuildFile; fileRef = 47A3DF1E2A0A235A005DF313 /* FAQView.swift */; };
		47A3DF232A0A28C0005DF313 /* GaveView.swift in Sources */ = {isa = PBXBuildFile; fileRef = 47A3DF222A0A28C0005DF313 /* GaveView.swift */; };
		47A3DF5D2A14FEBE005DF313 /* QuizViewModel.swift in Sources */ = {isa = PBXBuildFile; fileRef = 47A3DF5C2A14FEBE005DF313 /* QuizViewModel.swift */; };
		47A3DF5F2A14FEE4005DF313 /* TimerViewModel.swift in Sources */ = {isa = PBXBuildFile; fileRef = 47A3DF5E2A14FEE4005DF313 /* TimerViewModel.swift */; };
		47A3DF612A14FEFE005DF313 /* Models.swift in Sources */ = {isa = PBXBuildFile; fileRef = 47A3DF602A14FEFE005DF313 /* Models.swift */; };
/* End PBXBuildFile section */

/* Begin PBXContainerItemProxy section */
		47A3DEFA2A09940E005DF313 /* PBXContainerItemProxy */ = {
			isa = PBXContainerItemProxy;
			containerPortal = 47A3DEE12A09940C005DF313 /* Project object */;
			proxyType = 1;
			remoteGlobalIDString = 47A3DEE82A09940C005DF313;
			remoteInfo = QuizGame;
		};
		47A3DF042A09940E005DF313 /* PBXContainerItemProxy */ = {
			isa = PBXContainerItemProxy;
			containerPortal = 47A3DEE12A09940C005DF313 /* Project object */;
			proxyType = 1;
			remoteGlobalIDString = 47A3DEE82A09940C005DF313;
			remoteInfo = QuizGame;
		};
/* End PBXContainerItemProxy section */

/* Begin PBXFileReference section */
		47A3DEE92A09940C005DF313 /* QuizGame.app */ = {isa = PBXFileReference; explicitFileType = wrapper.application; includeInIndex = 0; path = QuizGame.app; sourceTree = BUILT_PRODUCTS_DIR; };
		47A3DEEC2A09940C005DF313 /* QuizGameApp.swift */ = {isa = PBXFileReference; lastKnownFileType = sourcecode.swift; path = QuizGameApp.swift; sourceTree = "<group>"; };
		47A3DEEE2A09940C005DF313 /* ContentView.swift */ = {isa = PBXFileReference; lastKnownFileType = sourcecode.swift; path = ContentView.swift; sourceTree = "<group>"; };
		47A3DEF02A09940E005DF313 /* Assets.xcassets */ = {isa = PBXFileReference; lastKnownFileType = folder.assetcatalog; path = Assets.xcassets; sourceTree = "<group>"; };
		47A3DEF32A09940E005DF313 /* Preview Assets.xcassets */ = {isa = PBXFileReference; lastKnownFileType = folder.assetcatalog; path = "Preview Assets.xcassets"; sourceTree = "<group>"; };
		47A3DEF92A09940E005DF313 /* QuizGameTests.xctest */ = {isa = PBXFileReference; explicitFileType = wrapper.cfbundle; includeInIndex = 0; path = QuizGameTests.xctest; sourceTree = BUILT_PRODUCTS_DIR; };
		47A3DEFD2A09940E005DF313 /* QuizGameTests.swift */ = {isa = PBXFileReference; lastKnownFileType = sourcecode.swift; path = QuizGameTests.swift; sourceTree = "<group>"; };
		47A3DF032A09940E005DF313 /* QuizGameUITests.xctest */ = {isa = PBXFileReference; explicitFileType = wrapper.cfbundle; includeInIndex = 0; path = QuizGameUITests.xctest; sourceTree = BUILT_PRODUCTS_DIR; };
		47A3DF072A09940E005DF313 /* QuizGameUITests.swift */ = {isa = PBXFileReference; lastKnownFileType = sourcecode.swift; path = QuizGameUITests.swift; sourceTree = "<group>"; };
		47A3DF092A09940E005DF313 /* QuizGameUITestsLaunchTests.swift */ = {isa = PBXFileReference; lastKnownFileType = sourcecode.swift; path = QuizGameUITestsLaunchTests.swift; sourceTree = "<group>"; };
		47A3DF162A0A206B005DF313 /* TopicSelectView.swift */ = {isa = PBXFileReference; lastKnownFileType = sourcecode.swift; path = TopicSelectView.swift; sourceTree = "<group>"; };
		47A3DF1A2A0A21B4005DF313 /* mainMenuView.swift */ = {isa = PBXFileReference; lastKnownFileType = sourcecode.swift; path = mainMenuView.swift; sourceTree = "<group>"; };
		47A3DF1E2A0A235A005DF313 /* FAQView.swift */ = {isa = PBXFileReference; lastKnownFileType = sourcecode.swift; path = FAQView.swift; sourceTree = "<group>"; };
		47A3DF222A0A28C0005DF313 /* GaveView.swift */ = {isa = PBXFileReference; lastKnownFileType = sourcecode.swift; path = GaveView.swift; sourceTree = "<group>"; };
		47A3DF5C2A14FEBE005DF313 /* QuizViewModel.swift */ = {isa = PBXFileReference; lastKnownFileType = sourcecode.swift; path = QuizViewModel.swift; sourceTree = "<group>"; };
		47A3DF5E2A14FEE4005DF313 /* TimerViewModel.swift */ = {isa = PBXFileReference; lastKnownFileType = sourcecode.swift; path = TimerViewModel.swift; sourceTree = "<group>"; };
		47A3DF602A14FEFE005DF313 /* Models.swift */ = {isa = PBXFileReference; lastKnownFileType = sourcecode.swift; path = Models.swift; sourceTree = "<group>"; };
/* End PBXFileReference section */

/* Begin PBXFrameworksBuildPhase section */
		47A3DEE62A09940C005DF313 /* Frameworks */ = {
			isa = PBXFrameworksBuildPhase;
			buildActionMask = 2147483647;
			files = (
			);
			runOnlyForDeploymentPostprocessing = 0;
		};
		47A3DEF62A09940E005DF313 /* Frameworks */ = {
			isa = PBXFrameworksBuildPhase;
			buildActionMask = 2147483647;
			files = (
			);
			runOnlyForDeploymentPostprocessing = 0;
		};
		47A3DF002A09940E005DF313 /* Frameworks */ = {
			isa = PBXFrameworksBuildPhase;
			buildActionMask = 2147483647;
			files = (
			);
			runOnlyForDeploymentPostprocessing = 0;
		};
/* End PBXFrameworksBuildPhase section */

/* Begin PBXGroup section */
		47A3DEE02A09940C005DF313 = {
			isa = PBXGroup;
			children = (
				47A3DEEB2A09940C005DF313 /* QuizGame */,
				47A3DEFC2A09940E005DF313 /* QuizGameTests */,
				47A3DF062A09940E005DF313 /* QuizGameUITests */,
				47A3DEEA2A09940C005DF313 /* Products */,
			);
			sourceTree = "<group>";
		};
		47A3DEEA2A09940C005DF313 /* Products */ = {
			isa = PBXGroup;
			children = (
				47A3DEE92A09940C005DF313 /* QuizGame.app */,
				47A3DEF92A09940E005DF313 /* QuizGameTests.xctest */,
				47A3DF032A09940E005DF313 /* QuizGameUITests.xctest */,
			);
			name = Products;
			sourceTree = "<group>";
		};
		47A3DEEB2A09940C005DF313 /* QuizGame */ = {
			isa = PBXGroup;
			children = (
				47A3DEEC2A09940C005DF313 /* QuizGameApp.swift */,
				47A3DEEE2A09940C005DF313 /* ContentView.swift */,
				47A3DF1A2A0A21B4005DF313 /* mainMenuView.swift */,
				47A3DF1E2A0A235A005DF313 /* FAQView.swift */,
				47A3DF162A0A206B005DF313 /* TopicSelectView.swift */,
				47A3DF222A0A28C0005DF313 /* GaveView.swift */,
				47A3DF5C2A14FEBE005DF313 /* QuizViewModel.swift */,
				47A3DF5E2A14FEE4005DF313 /* TimerViewModel.swift */,
				47A3DF602A14FEFE005DF313 /* Models.swift */,
				47A3DEF02A09940E005DF313 /* Assets.xcassets */,
				47A3DEF22A09940E005DF313 /* Preview Content */,
			);
			path = QuizGame;
			sourceTree = "<group>";
		};
		47A3DEF22A09940E005DF313 /* Preview Content */ = {
			isa = PBXGroup;
			children = (
				47A3DEF32A09940E005DF313 /* Preview Assets.xcassets */,
			);
			path = "Preview Content";
			sourceTree = "<group>";
		};
		47A3DEFC2A09940E005DF313 /* QuizGameTests */ = {
			isa = PBXGroup;
			children = (
				47A3DEFD2A09940E005DF313 /* QuizGameTests.swift */,
			);
			path = QuizGameTests;
			sourceTree = "<group>";
		};
		47A3DF062A09940E005DF313 /* QuizGameUITests */ = {
			isa = PBXGroup;
			children = (
				47A3DF072A09940E005DF313 /* QuizGameUITests.swift */,
				47A3DF092A09940E005DF313 /* QuizGameUITestsLaunchTests.swift */,
			);
			path = QuizGameUITests;
			sourceTree = "<group>";
		};
/* End PBXGroup section */

/* Begin PBXNativeTarget section */
		47A3DEE82A09940C005DF313 /* QuizGame */ = {
			isa = PBXNativeTarget;
			buildConfigurationList = 47A3DF0D2A09940E005DF313 /* Build configuration list for PBXNativeTarget "QuizGame" */;
			buildPhases = (
				47A3DEE52A09940C005DF313 /* Sources */,
				47A3DEE62A09940C005DF313 /* Frameworks */,
				47A3DEE72A09940C005DF313 /* Resources */,
			);
			buildRules = (
			);
			dependencies = (
			);
			name = QuizGame;
			productName = QuizGame;
			productReference = 47A3DEE92A09940C005DF313 /* QuizGame.app */;
			productType = "com.apple.product-type.application";
		};
		47A3DEF82A09940E005DF313 /* QuizGameTests */ = {
			isa = PBXNativeTarget;
			buildConfigurationList = 47A3DF102A09940E005DF313 /* Build configuration list for PBXNativeTarget "QuizGameTests" */;
			buildPhases = (
				47A3DEF52A09940E005DF313 /* Sources */,
				47A3DEF62A09940E005DF313 /* Frameworks */,
				47A3DEF72A09940E005DF313 /* Resources */,
			);
			buildRules = (
			);
			dependencies = (
				47A3DEFB2A09940E005DF313 /* PBXTargetDependency */,
			);
			name = QuizGameTests;
			productName = QuizGameTests;
			productReference = 47A3DEF92A09940E005DF313 /* QuizGameTests.xctest */;
			productType = "com.apple.product-type.bundle.unit-test";
		};
		47A3DF022A09940E005DF313 /* QuizGameUITests */ = {
			isa = PBXNativeTarget;
			buildConfigurationList = 47A3DF132A09940E005DF313 /* Build configuration list for PBXNativeTarget "QuizGameUITests" */;
			buildPhases = (
				47A3DEFF2A09940E005DF313 /* Sources */,
				47A3DF002A09940E005DF313 /* Frameworks */,
				47A3DF012A09940E005DF313 /* Resources */,
			);
			buildRules = (
			);
			dependencies = (
				47A3DF052A09940E005DF313 /* PBXTargetDependency */,
			);
			name = QuizGameUITests;
			productName = QuizGameUITests;
			productReference = 47A3DF032A09940E005DF313 /* QuizGameUITests.xctest */;
			productType = "com.apple.product-type.bundle.ui-testing";
		};
/* End PBXNativeTarget section */

/* Begin PBXProject section */
		47A3DEE12A09940C005DF313 /* Project object */ = {
			isa = PBXProject;
			attributes = {
				BuildIndependentTargetsInParallel = 1;
				LastSwiftUpdateCheck = 1430;
				LastUpgradeCheck = 1430;
				TargetAttributes = {
					47A3DEE82A09940C005DF313 = {
						CreatedOnToolsVersion = 14.3;
					};
					47A3DEF82A09940E005DF313 = {
						CreatedOnToolsVersion = 14.3;
						TestTargetID = 47A3DEE82A09940C005DF313;
					};
					47A3DF022A09940E005DF313 = {
						CreatedOnToolsVersion = 14.3;
						TestTargetID = 47A3DEE82A09940C005DF313;
					};
				};
			};
			buildConfigurationList = 47A3DEE42A09940C005DF313 /* Build configuration list for PBXProject "QuizGame" */;
			compatibilityVersion = "Xcode 14.0";
			developmentRegion = en;
			hasScannedForEncodings = 0;
			knownRegions = (
				en,
				Base,
			);
			mainGroup = 47A3DEE02A09940C005DF313;
			productRefGroup = 47A3DEEA2A09940C005DF313 /* Products */;
			projectDirPath = "";
			projectRoot = "";
			targets = (
				47A3DEE82A09940C005DF313 /* QuizGame */,
				47A3DEF82A09940E005DF313 /* QuizGameTests */,
				47A3DF022A09940E005DF313 /* QuizGameUITests */,
			);
		};
/* End PBXProject section */

/* Begin PBXResourcesBuildPhase section */
		47A3DEE72A09940C005DF313 /* Resources */ = {
			isa = PBXResourcesBuildPhase;
			buildActionMask = 2147483647;
			files = (
				47A3DEF42A09940E005DF313 /* Preview Assets.xcassets in Resources */,
				47A3DEF12A09940E005DF313 /* Assets.xcassets in Resources */,
			);
			runOnlyForDeploymentPostprocessing = 0;
		};
		47A3DEF72A09940E005DF313 /* Resources */ = {
			isa = PBXResourcesBuildPhase;
			buildActionMask = 2147483647;
			files = (
			);
			runOnlyForDeploymentPostprocessing = 0;
		};
		47A3DF012A09940E005DF313 /* Resources */ = {
			isa = PBXResourcesBuildPhase;
			buildActionMask = 2147483647;
			files = (
			);
			runOnlyForDeploymentPostprocessing = 0;
		};
/* End PBXResourcesBuildPhase section */

/* Begin PBXSourcesBuildPhase section */
		47A3DEE52A09940C005DF313 /* Sources */ = {
			isa = PBXSourcesBuildPhase;
			buildActionMask = 2147483647;
			files = (
				47A3DF1B2A0A21B4005DF313 /* mainMenuView.swift in Sources */,
				47A3DEEF2A09940C005DF313 /* ContentView.swift in Sources */,
				47A3DF612A14FEFE005DF313 /* Models.swift in Sources */,
				47A3DF5D2A14FEBE005DF313 /* QuizViewModel.swift in Sources */,
				47A3DF232A0A28C0005DF313 /* GaveView.swift in Sources */,
				47A3DF172A0A206B005DF313 /* TopicSelectView.swift in Sources */,
				47A3DF5F2A14FEE4005DF313 /* TimerViewModel.swift in Sources */,
				47A3DF1F2A0A235A005DF313 /* FAQView.swift in Sources */,
				47A3DEED2A09940C005DF313 /* QuizGameApp.swift in Sources */,
			);
			runOnlyForDeploymentPostprocessing = 0;
		};
		47A3DEF52A09940E005DF313 /* Sources */ = {
			isa = PBXSourcesBuildPhase;
			buildActionMask = 2147483647;
			files = (
				47A3DEFE2A09940E005DF313 /* QuizGameTests.swift in Sources */,
			);
			runOnlyForDeploymentPostprocessing = 0;
		};
		47A3DEFF2A09940E005DF313 /* Sources */ = {
			isa = PBXSourcesBuildPhase;
			buildActionMask = 2147483647;
			files = (
				47A3DF0A2A09940E005DF313 /* QuizGameUITestsLaunchTests.swift in Sources */,
				47A3DF082A09940E005DF313 /* QuizGameUITests.swift in Sources */,
			);
			runOnlyForDeploymentPostprocessing = 0;
		};
/* End PBXSourcesBuildPhase section */

/* Begin PBXTargetDependency section */
		47A3DEFB2A09940E005DF313 /* PBXTargetDependency */ = {
			isa = PBXTargetDependency;
			target = 47A3DEE82A09940C005DF313 /* QuizGame */;
			targetProxy = 47A3DEFA2A09940E005DF313 /* PBXContainerItemProxy */;
		};
		47A3DF052A09940E005DF313 /* PBXTargetDependency */ = {
			isa = PBXTargetDependency;
			target = 47A3DEE82A09940C005DF313 /* QuizGame */;
			targetProxy = 47A3DF042A09940E005DF313 /* PBXContainerItemProxy */;
		};
/* End PBXTargetDependency section */

/* Begin XCBuildConfiguration section */
		47A3DF0B2A09940E005DF313 /* Debug */ = {
			isa = XCBuildConfiguration;
			buildSettings = {
				ALWAYS_SEARCH_USER_PATHS = NO;
				CLANG_ANALYZER_NONNULL = YES;
				CLANG_ANALYZER_NUMBER_OBJECT_CONVERSION = YES_AGGRESSIVE;
				CLANG_CXX_LANGUAGE_STANDARD = "gnu++20";
				CLANG_ENABLE_MODULES = YES;
				CLANG_ENABLE_OBJC_ARC = YES;
				CLANG_ENABLE_OBJC_WEAK = YES;
				CLANG_WARN_BLOCK_CAPTURE_AUTORELEASING = YES;
				CLANG_WARN_BOOL_CONVERSION = YES;
				CLANG_WARN_COMMA = YES;
				CLANG_WARN_CONSTANT_CONVERSION = YES;
				CLANG_WARN_DEPRECATED_OBJC_IMPLEMENTATIONS = YES;
				CLANG_WARN_DIRECT_OBJC_ISA_USAGE = YES_ERROR;
				CLANG_WARN_DOCUMENTATION_COMMENTS = YES;
				CLANG_WARN_EMPTY_BODY = YES;
				CLANG_WARN_ENUM_CONVERSION = YES;
				CLANG_WARN_INFINITE_RECURSION = YES;
				CLANG_WARN_INT_CONVERSION = YES;
				CLANG_WARN_NON_LITERAL_NULL_CONVERSION = YES;
				CLANG_WARN_OBJC_IMPLICIT_RETAIN_SELF = YES;
				CLANG_WARN_OBJC_LITERAL_CONVERSION = YES;
				CLANG_WARN_OBJC_ROOT_CLASS = YES_ERROR;
				CLANG_WARN_QUOTED_INCLUDE_IN_FRAMEWORK_HEADER = YES;
				CLANG_WARN_RANGE_LOOP_ANALYSIS = YES;
				CLANG_WARN_STRICT_PROTOTYPES = YES;
				CLANG_WARN_SUSPICIOUS_MOVE = YES;
				CLANG_WARN_UNGUARDED_AVAILABILITY = YES_AGGRESSIVE;
				CLANG_WARN_UNREACHABLE_CODE = YES;
				CLANG_WARN__DUPLICATE_METHOD_MATCH = YES;
				COPY_PHASE_STRIP = NO;
				DEBUG_INFORMATION_FORMAT = dwarf;
				ENABLE_STRICT_OBJC_MSGSEND = YES;
				ENABLE_TESTABILITY = YES;
				GCC_C_LANGUAGE_STANDARD = gnu11;
				GCC_DYNAMIC_NO_PIC = NO;
				GCC_NO_COMMON_BLOCKS = YES;
				GCC_OPTIMIZATION_LEVEL = 0;
				GCC_PREPROCESSOR_DEFINITIONS = (
					"DEBUG=1",
					"$(inherited)",
				);
				GCC_WARN_64_TO_32_BIT_CONVERSION = YES;
				GCC_WARN_ABOUT_RETURN_TYPE = YES_ERROR;
				GCC_WARN_UNDECLARED_SELECTOR = YES;
				GCC_WARN_UNINITIALIZED_AUTOS = YES_AGGRESSIVE;
				GCC_WARN_UNUSED_FUNCTION = YES;
				GCC_WARN_UNUSED_VARIABLE = YES;
				IPHONEOS_DEPLOYMENT_TARGET = 16.4;
				MTL_ENABLE_DEBUG_INFO = INCLUDE_SOURCE;
				MTL_FAST_MATH = YES;
				ONLY_ACTIVE_ARCH = YES;
				SDKROOT = iphoneos;
				SWIFT_ACTIVE_COMPILATION_CONDITIONS = DEBUG;
				SWIFT_OPTIMIZATION_LEVEL = "-Onone";
			};
			name = Debug;
		};
		47A3DF0C2A09940E005DF313 /* Release */ = {
			isa = XCBuildConfiguration;
			buildSettings = {
				ALWAYS_SEARCH_USER_PATHS = NO;
				CLANG_ANALYZER_NONNULL = YES;
				CLANG_ANALYZER_NUMBER_OBJECT_CONVERSION = YES_AGGRESSIVE;
				CLANG_CXX_LANGUAGE_STANDARD = "gnu++20";
				CLANG_ENABLE_MODULES = YES;
				CLANG_ENABLE_OBJC_ARC = YES;
				CLANG_ENABLE_OBJC_WEAK = YES;
				CLANG_WARN_BLOCK_CAPTURE_AUTORELEASING = YES;
				CLANG_WARN_BOOL_CONVERSION = YES;
				CLANG_WARN_COMMA = YES;
				CLANG_WARN_CONSTANT_CONVERSION = YES;
				CLANG_WARN_DEPRECATED_OBJC_IMPLEMENTATIONS = YES;
				CLANG_WARN_DIRECT_OBJC_ISA_USAGE = YES_ERROR;
				CLANG_WARN_DOCUMENTATION_COMMENTS = YES;
				CLANG_WARN_EMPTY_BODY = YES;
				CLANG_WARN_ENUM_CONVERSION = YES;
				CLANG_WARN_INFINITE_RECURSION = YES;
				CLANG_WARN_INT_CONVERSION = YES;
				CLANG_WARN_NON_LITERAL_NULL_CONVERSION = YES;
				CLANG_WARN_OBJC_IMPLICIT_RETAIN_SELF = YES;
				CLANG_WARN_OBJC_LITERAL_CONVERSION = YES;
				CLANG_WARN_OBJC_ROOT_CLASS = YES_ERROR;
				CLANG_WARN_QUOTED_INCLUDE_IN_FRAMEWORK_HEADER = YES;
				CLANG_WARN_RANGE_LOOP_ANALYSIS = YES;
				CLANG_WARN_STRICT_PROTOTYPES = YES;
				CLANG_WARN_SUSPICIOUS_MOVE = YES;
				CLANG_WARN_UNGUARDED_AVAILABILITY = YES_AGGRESSIVE;
				CLANG_WARN_UNREACHABLE_CODE = YES;
				CLANG_WARN__DUPLICATE_METHOD_MATCH = YES;
				COPY_PHASE_STRIP = NO;
				DEBUG_INFORMATION_FORMAT = "dwarf-with-dsym";
				ENABLE_NS_ASSERTIONS = NO;
				ENABLE_STRICT_OBJC_MSGSEND = YES;
				GCC_C_LANGUAGE_STANDARD = gnu11;
				GCC_NO_COMMON_BLOCKS = YES;
				GCC_WARN_64_TO_32_BIT_CONVERSION = YES;
				GCC_WARN_ABOUT_RETURN_TYPE = YES_ERROR;
				GCC_WARN_UNDECLARED_SELECTOR = YES;
				GCC_WARN_UNINITIALIZED_AUTOS = YES_AGGRESSIVE;
				GCC_WARN_UNUSED_FUNCTION = YES;
				GCC_WARN_UNUSED_VARIABLE = YES;
				IPHONEOS_DEPLOYMENT_TARGET = 16.4;
				MTL_ENABLE_DEBUG_INFO = NO;
				MTL_FAST_MATH = YES;
				SDKROOT = iphoneos;
				SWIFT_COMPILATION_MODE = wholemodule;
				SWIFT_OPTIMIZATION_LEVEL = "-O";
				VALIDATE_PRODUCT = YES;
			};
			name = Release;
		};
		47A3DF0E2A09940E005DF313 /* Debug */ = {
			isa = XCBuildConfiguration;
			buildSettings = {
				ASSETCATALOG_COMPILER_APPICON_NAME = AppIcon;
				ASSETCATALOG_COMPILER_GLOBAL_ACCENT_COLOR_NAME = AccentColor;
				CODE_SIGN_STYLE = Automatic;
				CURRENT_PROJECT_VERSION = 1;
				DEVELOPMENT_ASSET_PATHS = "\"QuizGame/Preview Content\"";
				ENABLE_PREVIEWS = YES;
				GENERATE_INFOPLIST_FILE = YES;
				INFOPLIST_KEY_UIApplicationSceneManifest_Generation = YES;
				INFOPLIST_KEY_UIApplicationSupportsIndirectInputEvents = YES;
				INFOPLIST_KEY_UILaunchScreen_Generation = YES;
				INFOPLIST_KEY_UISupportedInterfaceOrientations_iPad = "UIInterfaceOrientationPortrait UIInterfaceOrientationPortraitUpsideDown UIInterfaceOrientationLandscapeLeft UIInterfaceOrientationLandscapeRight";
				INFOPLIST_KEY_UISupportedInterfaceOrientations_iPhone = "UIInterfaceOrientationPortrait UIInterfaceOrientationLandscapeLeft UIInterfaceOrientationLandscapeRight";
				LD_RUNPATH_SEARCH_PATHS = (
					"$(inherited)",
					"@executable_path/Frameworks",
				);
				MARKETING_VERSION = 1.0;
				PRODUCT_BUNDLE_IDENTIFIER = com.SmartTennant.QuizGame;
				PRODUCT_NAME = "$(TARGET_NAME)";
				SWIFT_EMIT_LOC_STRINGS = YES;
				SWIFT_VERSION = 5.0;
				TARGETED_DEVICE_FAMILY = "1,2";
			};
			name = Debug;
		};
		47A3DF0F2A09940E005DF313 /* Release */ = {
			isa = XCBuildConfiguration;
			buildSettings = {
				ASSETCATALOG_COMPILER_APPICON_NAME = AppIcon;
				ASSETCATALOG_COMPILER_GLOBAL_ACCENT_COLOR_NAME = AccentColor;
				CODE_SIGN_STYLE = Automatic;
				CURRENT_PROJECT_VERSION = 1;
				DEVELOPMENT_ASSET_PATHS = "\"QuizGame/Preview Content\"";
				ENABLE_PREVIEWS = YES;
				GENERATE_INFOPLIST_FILE = YES;
				INFOPLIST_KEY_UIApplicationSceneManifest_Generation = YES;
				INFOPLIST_KEY_UIApplicationSupportsIndirectInputEvents = YES;
				INFOPLIST_KEY_UILaunchScreen_Generation = YES;
				INFOPLIST_KEY_UISupportedInterfaceOrientations_iPad = "UIInterfaceOrientationPortrait UIInterfaceOrientationPortraitUpsideDown UIInterfaceOrientationLandscapeLeft UIInterfaceOrientationLandscapeRight";
				INFOPLIST_KEY_UISupportedInterfaceOrientations_iPhone = "UIInterfaceOrientationPortrait UIInterfaceOrientationLandscapeLeft UIInterfaceOrientationLandscapeRight";
				LD_RUNPATH_SEARCH_PATHS = (
					"$(inherited)",
					"@executable_path/Frameworks",
				);
				MARKETING_VERSION = 1.0;
				PRODUCT_BUNDLE_IDENTIFIER = com.SmartTennant.QuizGame;
				PRODUCT_NAME = "$(TARGET_NAME)";
				SWIFT_EMIT_LOC_STRINGS = YES;
				SWIFT_VERSION = 5.0;
				TARGETED_DEVICE_FAMILY = "1,2";
			};
			name = Release;
		};
		47A3DF112A09940E005DF313 /* Debug */ = {
			isa = XCBuildConfiguration;
			buildSettings = {
				ALWAYS_EMBED_SWIFT_STANDARD_LIBRARIES = YES;
				BUNDLE_LOADER = "$(TEST_HOST)";
				CODE_SIGN_STYLE = Automatic;
				CURRENT_PROJECT_VERSION = 1;
				GENERATE_INFOPLIST_FILE = YES;
				IPHONEOS_DEPLOYMENT_TARGET = 16.4;
				MARKETING_VERSION = 1.0;
				PRODUCT_BUNDLE_IDENTIFIER = com.SmartTennant.QuizGameTests;
				PRODUCT_NAME = "$(TARGET_NAME)";
				SWIFT_EMIT_LOC_STRINGS = NO;
				SWIFT_VERSION = 5.0;
				TARGETED_DEVICE_FAMILY = "1,2";
				TEST_HOST = "$(BUILT_PRODUCTS_DIR)/QuizGame.app/$(BUNDLE_EXECUTABLE_FOLDER_PATH)/QuizGame";
			};
			name = Debug;
		};
		47A3DF122A09940E005DF313 /* Release */ = {
			isa = XCBuildConfiguration;
			buildSettings = {
				ALWAYS_EMBED_SWIFT_STANDARD_LIBRARIES = YES;
				BUNDLE_LOADER = "$(TEST_HOST)";
				CODE_SIGN_STYLE = Automatic;
				CURRENT_PROJECT_VERSION = 1;
				GENERATE_INFOPLIST_FILE = YES;
				IPHONEOS_DEPLOYMENT_TARGET = 16.4;
				MARKETING_VERSION = 1.0;
				PRODUCT_BUNDLE_IDENTIFIER = com.SmartTennant.QuizGameTests;
				PRODUCT_NAME = "$(TARGET_NAME)";
				SWIFT_EMIT_LOC_STRINGS = NO;
				SWIFT_VERSION = 5.0;
				TARGETED_DEVICE_FAMILY = "1,2";
				TEST_HOST = "$(BUILT_PRODUCTS_DIR)/QuizGame.app/$(BUNDLE_EXECUTABLE_FOLDER_PATH)/QuizGame";
			};
			name = Release;
		};
		47A3DF142A09940E005DF313 /* Debug */ = {
			isa = XCBuildConfiguration;
			buildSettings = {
				ALWAYS_EMBED_SWIFT_STANDARD_LIBRARIES = YES;
				CODE_SIGN_STYLE = Automatic;
				CURRENT_PROJECT_VERSION = 1;
				GENERATE_INFOPLIST_FILE = YES;
				MARKETING_VERSION = 1.0;
				PRODUCT_BUNDLE_IDENTIFIER = com.SmartTennant.QuizGameUITests;
				PRODUCT_NAME = "$(TARGET_NAME)";
				SWIFT_EMIT_LOC_STRINGS = NO;
				SWIFT_VERSION = 5.0;
				TARGETED_DEVICE_FAMILY = "1,2";
				TEST_TARGET_NAME = QuizGame;
			};
			name = Debug;
		};
		47A3DF152A09940E005DF313 /* Release */ = {
			isa = XCBuildConfiguration;
			buildSettings = {
				ALWAYS_EMBED_SWIFT_STANDARD_LIBRARIES = YES;
				CODE_SIGN_STYLE = Automatic;
				CURRENT_PROJECT_VERSION = 1;
				GENERATE_INFOPLIST_FILE = YES;
				MARKETING_VERSION = 1.0;
				PRODUCT_BUNDLE_IDENTIFIER = com.SmartTennant.QuizGameUITests;
				PRODUCT_NAME = "$(TARGET_NAME)";
				SWIFT_EMIT_LOC_STRINGS = NO;
				SWIFT_VERSION = 5.0;
				TARGETED_DEVICE_FAMILY = "1,2";
				TEST_TARGET_NAME = QuizGame;
			};
			name = Release;
		};
/* End XCBuildConfiguration section */

/* Begin XCConfigurationList section */
		47A3DEE42A09940C005DF313 /* Build configuration list for PBXProject "QuizGame" */ = {
			isa = XCConfigurationList;
			buildConfigurations = (
				47A3DF0B2A09940E005DF313 /* Debug */,
				47A3DF0C2A09940E005DF313 /* Release */,
			);
			defaultConfigurationIsVisible = 0;
			defaultConfigurationName = Release;
		};
		47A3DF0D2A09940E005DF313 /* Build configuration list for PBXNativeTarget "QuizGame" */ = {
			isa = XCConfigurationList;
			buildConfigurations = (
				47A3DF0E2A09940E005DF313 /* Debug */,
				47A3DF0F2A09940E005DF313 /* Release */,
			);
			defaultConfigurationIsVisible = 0;
			defaultConfigurationName = Release;
		};
		47A3DF102A09940E005DF313 /* Build configuration list for PBXNativeTarget "QuizGameTests" */ = {
			isa = XCConfigurationList;
			buildConfigurations = (
				47A3DF112A09940E005DF313 /* Debug */,
				47A3DF122A09940E005DF313 /* Release */,
			);
			defaultConfigurationIsVisible = 0;
			defaultConfigurationName = Release;
		};
		47A3DF132A09940E005DF313 /* Build configuration list for PBXNativeTarget "QuizGameUITests" */ = {
			isa = XCConfigurationList;
			buildConfigurations = (
				47A3DF142A09940E005DF313 /* Debug */,
				47A3DF152A09940E005DF313 /* Release */,
			);
			defaultConfigurationIsVisible = 0;
			defaultConfigurationName = Release;
		};
/* End XCConfigurationList section */
	};
	rootObject = 47A3DEE12A09940C005DF313 /* Project object */;
}
